
Microsoft Visual Studio Solution File, Format Version 12.00
# Visual Studio Version 17
VisualStudioVersion = 17.5.33627.172
MinimumVisualStudioVersion = 10.0.40219.1
Project("{FAE04EC0-301F-11D3-BF4B-00C04F79EFBC}") = "StudentManagement", "StudentManagement\StudentManagement.csproj", "{038E250E-C51E-4A4B-8E08-3F52F7D2A018}"
EndProject
Global
	GlobalSection(SolutionConfigurationPlatforms) = preSolution
		Debug|Any CPU = Debug|Any CPU
		Release|Any CPU = Release|Any CPU
	EndGlobalSection
	GlobalSection(ProjectConfigurationPlatforms) = postSolution
		{038E250E-C51E-4A4B-8E08-3F52F7D2A018}.Debug|Any CPU.ActiveCfg = Debug|Any CPU
		{038E250E-C51E-4A4B-8E08-3F52F7D2A018}.Debug|Any CPU.Build.0 = Debug|Any CPU
		{038E250E-C51E-4A4B-8E08-3F52F7D2A018}.Release|Any CPU.ActiveCfg = Release|Any CPU
		{038E250E-C51E-4A4B-8E08-3F52F7D2A018}.Release|Any CPU.Build.0 = Release|Any CPU
	EndGlobalSection
	GlobalSection(SolutionProperties) = preSolution
		HideSolutionNode = FALSE
	EndGlobalSection
	GlobalSection(ExtensibilityGlobals) = postSolution
		SolutionGuid = {7CE88B28-F78A-4D75-ACBD-CB6A3EA78FD9}
	EndGlobalSection
EndGlobal
